
Microsoft Visual Studio Solution File, Format Version 12.00
# Visual Studio 2015
Project("{FAE04EC0-301F-11D3-BF4B-00C04F79EFBC}") = "MyUnityShaderStudy01.CSharp", "MyUnityShaderStudy01.CSharp.csproj", "{8C2E9720-6BF2-E9BC-896D-338E967EE08F}"
EndProject
Global
	GlobalSection(SolutionConfigurationPlatforms) = preSolution
		Debug|Any CPU = Debug|Any CPU
		Release|Any CPU = Release|Any CPU
	EndGlobalSection
	GlobalSection(ProjectConfigurationPlatforms) = postSolution
		{8C2E9720-6BF2-E9BC-896D-338E967EE08F}.Debug|Any CPU.ActiveCfg = Debug|Any CPU
		{8C2E9720-6BF2-E9BC-896D-338E967EE08F}.Debug|Any CPU.Build.0 = Debug|Any CPU
		{8C2E9720-6BF2-E9BC-896D-338E967EE08F}.Release|Any CPU.ActiveCfg = Release|Any CPU
		{8C2E9720-6BF2-E9BC-896D-338E967EE08F}.Release|Any CPU.Build.0 = Release|Any CPU
	EndGlobalSection
	GlobalSection(SolutionProperties) = preSolution
		HideSolutionNode = FALSE
	EndGlobalSection
EndGlobal
